// !$*UTF8*$!
{
	archiveVersion = 1;
	classes = {
	};
	objectVersion = 46;
	objects = {

/* Begin PBXBuildFile section */
		1EF51D43D023AD65E5ABA2E5 /* Pods_TestRealm.framework in Frameworks */ = {isa = PBXBuildFile; fileRef = 7130579ECB19008490B89A9C /* Pods_TestRealm.framework */; };
		56FA8D341F33AE8A00473384 /* AppDelegate.swift in Sources */ = {isa = PBXBuildFile; fileRef = 56FA8D331F33AE8A00473384 /* AppDelegate.swift */; };
		56FA8D361F33AE8A00473384 /* ViewController.swift in Sources */ = {isa = PBXBuildFile; fileRef = 56FA8D351F33AE8A00473384 /* ViewController.swift */; };
		56FA8D391F33AE8A00473384 /* Main.storyboard in Resources */ = {isa = PBXBuildFile; fileRef = 56FA8D371F33AE8A00473384 /* Main.storyboard */; };
		56FA8D3B1F33AE8A00473384 /* Assets.xcassets in Resources */ = {isa = PBXBuildFile; fileRef = 56FA8D3A1F33AE8A00473384 /* Assets.xcassets */; };
		56FA8D3E1F33AE8A00473384 /* LaunchScreen.storyboard in Resources */ = {isa = PBXBuildFile; fileRef = 56FA8D3C1F33AE8A00473384 /* LaunchScreen.storyboard */; };
		56FA8D471F33B05B00473384 /* APIRequest.swift in Sources */ = {isa = PBXBuildFile; fileRef = 56FA8D461F33B05B00473384 /* APIRequest.swift */; };
		56FA8D491F33B07B00473384 /* EntryParamsPresentring.swift in Sources */ = {isa = PBXBuildFile; fileRef = 56FA8D481F33B07B00473384 /* EntryParamsPresentring.swift */; };
		56FA8D4B1F33B09600473384 /* Logger.swift in Sources */ = {isa = PBXBuildFile; fileRef = 56FA8D4A1F33B09600473384 /* Logger.swift */; };
		56FA8D531F33B0FE00473384 /* SlimLogger.swift in Sources */ = {isa = PBXBuildFile; fileRef = 56FA8D4F1F33B0FE00473384 /* SlimLogger.swift */; };
		56FA8D541F33B0FE00473384 /* SlimLoggerConfig.swift in Sources */ = {isa = PBXBuildFile; fileRef = 56FA8D501F33B0FE00473384 /* SlimLoggerConfig.swift */; };
		56FA8D551F33B0FE00473384 /* SlimLogglyDestination.swift in Sources */ = {isa = PBXBuildFile; fileRef = 56FA8D511F33B0FE00473384 /* SlimLogglyDestination.swift */; };
		56FA8D561F33B0FE00473384 /* SlimLogglyDestinationConfig.swift in Sources */ = {isa = PBXBuildFile; fileRef = 56FA8D521F33B0FE00473384 /* SlimLogglyDestinationConfig.swift */; };
		56FA8D591F33B46A00473384 /* UIAlertController+Ext.swift in Sources */ = {isa = PBXBuildFile; fileRef = 56FA8D581F33B46A00473384 /* UIAlertController+Ext.swift */; };
		56FA8D5B1F33B56600473384 /* Storyboard+Ext.swift in Sources */ = {isa = PBXBuildFile; fileRef = 56FA8D5A1F33B56600473384 /* Storyboard+Ext.swift */; };
		56FA8D5D1F33B58600473384 /* View+Ext.swift in Sources */ = {isa = PBXBuildFile; fileRef = 56FA8D5C1F33B58600473384 /* View+Ext.swift */; };
/* End PBXBuildFile section */

/* Begin PBXFileReference section */
		56FA8D301F33AE8A00473384 /* TestRealm.app */ = {isa = PBXFileReference; explicitFileType = wrapper.application; includeInIndex = 0; path = TestRealm.app; sourceTree = BUILT_PRODUCTS_DIR; };
		56FA8D331F33AE8A00473384 /* AppDelegate.swift */ = {isa = PBXFileReference; lastKnownFileType = sourcecode.swift; path = AppDelegate.swift; sourceTree = "<group>"; };
		56FA8D351F33AE8A00473384 /* ViewController.swift */ = {isa = PBXFileReference; lastKnownFileType = sourcecode.swift; path = ViewController.swift; sourceTree = "<group>"; };
		56FA8D381F33AE8A00473384 /* Base */ = {isa = PBXFileReference; lastKnownFileType = file.storyboard; name = Base; path = Base.lproj/Main.storyboard; sourceTree = "<group>"; };
		56FA8D3A1F33AE8A00473384 /* Assets.xcassets */ = {isa = PBXFileReference; lastKnownFileType = folder.assetcatalog; path = Assets.xcassets; sourceTree = "<group>"; };
		56FA8D3D1F33AE8A00473384 /* Base */ = {isa = PBXFileReference; lastKnownFileType = file.storyboard; name = Base; path = Base.lproj/LaunchScreen.storyboard; sourceTree = "<group>"; };
		56FA8D3F1F33AE8A00473384 /* Info.plist */ = {isa = PBXFileReference; lastKnownFileType = text.plist.xml; path = Info.plist; sourceTree = "<group>"; };
		56FA8D461F33B05B00473384 /* APIRequest.swift */ = {isa = PBXFileReference; fileEncoding = 4; lastKnownFileType = sourcecode.swift; path = APIRequest.swift; sourceTree = "<group>"; };
		56FA8D481F33B07B00473384 /* EntryParamsPresentring.swift */ = {isa = PBXFileReference; fileEncoding = 4; lastKnownFileType = sourcecode.swift; path = EntryParamsPresentring.swift; sourceTree = "<group>"; };
		56FA8D4A1F33B09600473384 /* Logger.swift */ = {isa = PBXFileReference; fileEncoding = 4; lastKnownFileType = sourcecode.swift; path = Logger.swift; sourceTree = "<group>"; };
		56FA8D4F1F33B0FE00473384 /* SlimLogger.swift */ = {isa = PBXFileReference; fileEncoding = 4; lastKnownFileType = sourcecode.swift; name = SlimLogger.swift; path = Frameworks/SlimLogger/SlimLogger.swift; sourceTree = "<group>"; };
		56FA8D501F33B0FE00473384 /* SlimLoggerConfig.swift */ = {isa = PBXFileReference; fileEncoding = 4; lastKnownFileType = sourcecode.swift; name = SlimLoggerConfig.swift; path = Frameworks/SlimLogger/SlimLoggerConfig.swift; sourceTree = "<group>"; };
		56FA8D511F33B0FE00473384 /* SlimLogglyDestination.swift */ = {isa = PBXFileReference; fileEncoding = 4; lastKnownFileType = sourcecode.swift; name = SlimLogglyDestination.swift; path = Frameworks/SlimLogger/SlimLogglyDestination.swift; sourceTree = "<group>"; };
		56FA8D521F33B0FE00473384 /* SlimLogglyDestinationConfig.swift */ = {isa = PBXFileReference; fileEncoding = 4; lastKnownFileType = sourcecode.swift; name = SlimLogglyDestinationConfig.swift; path = Frameworks/SlimLogger/SlimLogglyDestinationConfig.swift; sourceTree = "<group>"; };
		56FA8D581F33B46A00473384 /* UIAlertController+Ext.swift */ = {isa = PBXFileReference; fileEncoding = 4; lastKnownFileType = sourcecode.swift; path = "UIAlertController+Ext.swift"; sourceTree = "<group>"; };
		56FA8D5A1F33B56600473384 /* Storyboard+Ext.swift */ = {isa = PBXFileReference; fileEncoding = 4; lastKnownFileType = sourcecode.swift; path = "Storyboard+Ext.swift"; sourceTree = "<group>"; };
		56FA8D5C1F33B58600473384 /* View+Ext.swift */ = {isa = PBXFileReference; fileEncoding = 4; lastKnownFileType = sourcecode.swift; path = "View+Ext.swift"; sourceTree = "<group>"; };
		622A0C6EA335EC50CAF4FAF8 /* Pods-TestRealm.release.xcconfig */ = {isa = PBXFileReference; includeInIndex = 1; lastKnownFileType = text.xcconfig; name = "Pods-TestRealm.release.xcconfig"; path = "Pods/Target Support Files/Pods-TestRealm/Pods-TestRealm.release.xcconfig"; sourceTree = "<group>"; };
		7130579ECB19008490B89A9C /* Pods_TestRealm.framework */ = {isa = PBXFileReference; explicitFileType = wrapper.framework; includeInIndex = 0; path = Pods_TestRealm.framework; sourceTree = BUILT_PRODUCTS_DIR; };
		99BBECE681383BDAE1D66EF5 /* Pods-TestRealm.debug.xcconfig */ = {isa = PBXFileReference; includeInIndex = 1; lastKnownFileType = text.xcconfig; name = "Pods-TestRealm.debug.xcconfig"; path = "Pods/Target Support Files/Pods-TestRealm/Pods-TestRealm.debug.xcconfig"; sourceTree = "<group>"; };
/* End PBXFileReference section */

/* Begin PBXFrameworksBuildPhase section */
		56FA8D2D1F33AE8A00473384 /* Frameworks */ = {
			isa = PBXFrameworksBuildPhase;
			buildActionMask = 2147483647;
			files = (
				1EF51D43D023AD65E5ABA2E5 /* Pods_TestRealm.framework in Frameworks */,
			);
			runOnlyForDeploymentPostprocessing = 0;
		};
/* End PBXFrameworksBuildPhase section */

/* Begin PBXGroup section */
		1A82DA071B64AD88CE4D1B49 /* Pods */ = {
			isa = PBXGroup;
			children = (
				99BBECE681383BDAE1D66EF5 /* Pods-TestRealm.debug.xcconfig */,
				622A0C6EA335EC50CAF4FAF8 /* Pods-TestRealm.release.xcconfig */,
			);
			name = Pods;
			sourceTree = "<group>";
		};
		56FA8D271F33AE8900473384 = {
			isa = PBXGroup;
			children = (
				56FA8D321F33AE8A00473384 /* TestRealm */,
				56FA8D311F33AE8A00473384 /* Products */,
				1A82DA071B64AD88CE4D1B49 /* Pods */,
				D93D796ABAD04AD0DB0DAA22 /* Frameworks */,
			);
			sourceTree = "<group>";
		};
		56FA8D311F33AE8A00473384 /* Products */ = {
			isa = PBXGroup;
			children = (
				56FA8D301F33AE8A00473384 /* TestRealm.app */,
			);
			name = Products;
			sourceTree = "<group>";
		};
		56FA8D321F33AE8A00473384 /* TestRealm */ = {
			isa = PBXGroup;
			children = (
				56FA8D571F33B45A00473384 /* Extensions */,
				56FA8D331F33AE8A00473384 /* AppDelegate.swift */,
				56FA8D351F33AE8A00473384 /* ViewController.swift */,
				56FA8D371F33AE8A00473384 /* Main.storyboard */,
				56FA8D3A1F33AE8A00473384 /* Assets.xcassets */,
				56FA8D3C1F33AE8A00473384 /* LaunchScreen.storyboard */,
				56FA8D3F1F33AE8A00473384 /* Info.plist */,
				56FA8D451F33B04500473384 /* Model */,
			);
			path = TestRealm;
			sourceTree = "<group>";
		};
		56FA8D451F33B04500473384 /* Model */ = {
			isa = PBXGroup;
			children = (
				56FA8D461F33B05B00473384 /* APIRequest.swift */,
				56FA8D481F33B07B00473384 /* EntryParamsPresentring.swift */,
				56FA8D4A1F33B09600473384 /* Logger.swift */,
			);
			name = Model;
			path = ..;
			sourceTree = "<group>";
		};
		56FA8D4E1F33B0EA00473384 /* SlimLogger */ = {
			isa = PBXGroup;
			children = (
				56FA8D4F1F33B0FE00473384 /* SlimLogger.swift */,
				56FA8D501F33B0FE00473384 /* SlimLoggerConfig.swift */,
				56FA8D511F33B0FE00473384 /* SlimLogglyDestination.swift */,
				56FA8D521F33B0FE00473384 /* SlimLogglyDestinationConfig.swift */,
			);
			name = SlimLogger;
			sourceTree = "<group>";
		};
		56FA8D571F33B45A00473384 /* Extensions */ = {
			isa = PBXGroup;
			children = (
				56FA8D5C1F33B58600473384 /* View+Ext.swift */,
				56FA8D5A1F33B56600473384 /* Storyboard+Ext.swift */,
				56FA8D581F33B46A00473384 /* UIAlertController+Ext.swift */,
			);
			name = Extensions;
			sourceTree = "<group>";
		};
		D93D796ABAD04AD0DB0DAA22 /* Frameworks */ = {
			isa = PBXGroup;
			children = (
				56FA8D4E1F33B0EA00473384 /* SlimLogger */,
				7130579ECB19008490B89A9C /* Pods_TestRealm.framework */,
			);
			name = Frameworks;
			sourceTree = "<group>";
		};
/* End PBXGroup section */

/* Begin PBXNativeTarget section */
		56FA8D2F1F33AE8A00473384 /* TestRealm */ = {
			isa = PBXNativeTarget;
			buildConfigurationList = 56FA8D421F33AE8A00473384 /* Build configuration list for PBXNativeTarget "TestRealm" */;
			buildPhases = (
				F3F009B6FEDEE2C1409B6C51 /* [CP] Check Pods Manifest.lock */,
				56FA8D2C1F33AE8A00473384 /* Sources */,
				56FA8D2D1F33AE8A00473384 /* Frameworks */,
				56FA8D2E1F33AE8A00473384 /* Resources */,
				6D3BACB7430BA58DE37BBAAF /* [CP] Embed Pods Frameworks */,
				1589A3EB70128115431B3E27 /* [CP] Copy Pods Resources */,
			);
			buildRules = (
			);
			dependencies = (
			);
			name = TestRealm;
			productName = TestRealm;
			productReference = 56FA8D301F33AE8A00473384 /* TestRealm.app */;
			productType = "com.apple.product-type.application";
		};
/* End PBXNativeTarget section */

/* Begin PBXProject section */
		56FA8D281F33AE8A00473384 /* Project object */ = {
			isa = PBXProject;
			attributes = {
				LastSwiftUpdateCheck = 0830;
				LastUpgradeCheck = 0830;
				ORGANIZATIONNAME = "Yura Granchenko";
				TargetAttributes = {
					56FA8D2F1F33AE8A00473384 = {
						CreatedOnToolsVersion = 8.3.1;
						DevelopmentTeam = 224SJKKLQ3;
						ProvisioningStyle = Automatic;
					};
				};
			};
			buildConfigurationList = 56FA8D2B1F33AE8A00473384 /* Build configuration list for PBXProject "TestRealm" */;
			compatibilityVersion = "Xcode 3.2";
			developmentRegion = English;
			hasScannedForEncodings = 0;
			knownRegions = (
				en,
				Base,
			);
			mainGroup = 56FA8D271F33AE8900473384;
			productRefGroup = 56FA8D311F33AE8A00473384 /* Products */;
			projectDirPath = "";
			projectRoot = "";
			targets = (
				56FA8D2F1F33AE8A00473384 /* TestRealm */,
			);
		};
/* End PBXProject section */

/* Begin PBXResourcesBuildPhase section */
		56FA8D2E1F33AE8A00473384 /* Resources */ = {
			isa = PBXResourcesBuildPhase;
			buildActionMask = 2147483647;
			files = (
				56FA8D3E1F33AE8A00473384 /* LaunchScreen.storyboard in Resources */,
				56FA8D3B1F33AE8A00473384 /* Assets.xcassets in Resources */,
				56FA8D391F33AE8A00473384 /* Main.storyboard in Resources */,
			);
			runOnlyForDeploymentPostprocessing = 0;
		};
/* End PBXResourcesBuildPhase section */

/* Begin PBXShellScriptBuildPhase section */
		1589A3EB70128115431B3E27 /* [CP] Copy Pods Resources */ = {
			isa = PBXShellScriptBuildPhase;
			buildActionMask = 2147483647;
			files = (
			);
			inputPaths = (
			);
			name = "[CP] Copy Pods Resources";
			outputPaths = (
			);
			runOnlyForDeploymentPostprocessing = 0;
			shellPath = /bin/sh;
			shellScript = "\"${SRCROOT}/Pods/Target Support Files/Pods-TestRealm/Pods-TestRealm-resources.sh\"\n";
			showEnvVarsInLog = 0;
		};
		6D3BACB7430BA58DE37BBAAF /* [CP] Embed Pods Frameworks */ = {
			isa = PBXShellScriptBuildPhase;
			buildActionMask = 2147483647;
			files = (
			);
			inputPaths = (
			);
			name = "[CP] Embed Pods Frameworks";
			outputPaths = (
			);
			runOnlyForDeploymentPostprocessing = 0;
			shellPath = /bin/sh;
			shellScript = "\"${SRCROOT}/Pods/Target Support Files/Pods-TestRealm/Pods-TestRealm-frameworks.sh\"\n";
			showEnvVarsInLog = 0;
		};
		F3F009B6FEDEE2C1409B6C51 /* [CP] Check Pods Manifest.lock */ = {
			isa = PBXShellScriptBuildPhase;
			buildActionMask = 2147483647;
			files = (
			);
			inputPaths = (
			);
			name = "[CP] Check Pods Manifest.lock";
			outputPaths = (
			);
			runOnlyForDeploymentPostprocessing = 0;
			shellPath = /bin/sh;
			shellScript = "diff \"${PODS_ROOT}/../Podfile.lock\" \"${PODS_ROOT}/Manifest.lock\" > /dev/null\nif [ $? != 0 ] ; then\n    # print error to STDERR\n    echo \"error: The sandbox is not in sync with the Podfile.lock. Run 'pod install' or update your CocoaPods installation.\" >&2\n    exit 1\nfi\n";
			showEnvVarsInLog = 0;
		};
/* End PBXShellScriptBuildPhase section */

/* Begin PBXSourcesBuildPhase section */
		56FA8D2C1F33AE8A00473384 /* Sources */ = {
			isa = PBXSourcesBuildPhase;
			buildActionMask = 2147483647;
			files = (
				56FA8D541F33B0FE00473384 /* SlimLoggerConfig.swift in Sources */,
				56FA8D531F33B0FE00473384 /* SlimLogger.swift in Sources */,
				56FA8D4B1F33B09600473384 /* Logger.swift in Sources */,
				56FA8D551F33B0FE00473384 /* SlimLogglyDestination.swift in Sources */,
				56FA8D361F33AE8A00473384 /* ViewController.swift in Sources */,
				56FA8D561F33B0FE00473384 /* SlimLogglyDestinationConfig.swift in Sources */,
				56FA8D591F33B46A00473384 /* UIAlertController+Ext.swift in Sources */,
				56FA8D471F33B05B00473384 /* APIRequest.swift in Sources */,
				56FA8D5D1F33B58600473384 /* View+Ext.swift in Sources */,
				56FA8D491F33B07B00473384 /* EntryParamsPresentring.swift in Sources */,
				56FA8D341F33AE8A00473384 /* AppDelegate.swift in Sources */,
				56FA8D5B1F33B56600473384 /* Storyboard+Ext.swift in Sources */,
			);
			runOnlyForDeploymentPostprocessing = 0;
		};
/* End PBXSourcesBuildPhase section */

/* Begin PBXVariantGroup section */
		56FA8D371F33AE8A00473384 /* Main.storyboard */ = {
			isa = PBXVariantGroup;
			children = (
				56FA8D381F33AE8A00473384 /* Base */,
			);
			name = Main.storyboard;
			sourceTree = "<group>";
		};
		56FA8D3C1F33AE8A00473384 /* LaunchScreen.storyboard */ = {
			isa = PBXVariantGroup;
			children = (
				56FA8D3D1F33AE8A00473384 /* Base */,
			);
			name = LaunchScreen.storyboard;
			sourceTree = "<group>";
		};
/* End PBXVariantGroup section */

/* Begin XCBuildConfiguration section */
		56FA8D401F33AE8A00473384 /* Debug */ = {
			isa = XCBuildConfiguration;
			buildSettings = {
				ALWAYS_SEARCH_USER_PATHS = NO;
				CLANG_ANALYZER_NONNULL = YES;
				CLANG_ANALYZER_NUMBER_OBJECT_CONVERSION = YES_AGGRESSIVE;
				CLANG_CXX_LANGUAGE_STANDARD = "gnu++0x";
				CLANG_CXX_LIBRARY = "libc++";
				CLANG_ENABLE_MODULES = YES;
				CLANG_ENABLE_OBJC_ARC = YES;
				CLANG_WARN_BOOL_CONVERSION = YES;
				CLANG_WARN_CONSTANT_CONVERSION = YES;
				CLANG_WARN_DIRECT_OBJC_ISA_USAGE = YES_ERROR;
				CLANG_WARN_DOCUMENTATION_COMMENTS = YES;
				CLANG_WARN_EMPTY_BODY = YES;
				CLANG_WARN_ENUM_CONVERSION = YES;
				CLANG_WARN_INFINITE_RECURSION = YES;
				CLANG_WARN_INT_CONVERSION = YES;
				CLANG_WARN_OBJC_ROOT_CLASS = YES_ERROR;
				CLANG_WARN_SUSPICIOUS_MOVE = YES;
				CLANG_WARN_UNREACHABLE_CODE = YES;
				CLANG_WARN__DUPLICATE_METHOD_MATCH = YES;
				"CODE_SIGN_IDENTITY[sdk=iphoneos*]" = "iPhone Developer";
				COPY_PHASE_STRIP = NO;
				DEBUG_INFORMATION_FORMAT = dwarf;
				ENABLE_STRICT_OBJC_MSGSEND = YES;
				ENABLE_TESTABILITY = YES;
				GCC_C_LANGUAGE_STANDARD = gnu99;
				GCC_DYNAMIC_NO_PIC = NO;
				GCC_NO_COMMON_BLOCKS = YES;
				GCC_OPTIMIZATION_LEVEL = 0;
				GCC_PREPROCESSOR_DEFINITIONS = (
					"DEBUG=1",
					"$(inherited)",
				);
				GCC_WARN_64_TO_32_BIT_CONVERSION = YES;
				GCC_WARN_ABOUT_RETURN_TYPE = YES_ERROR;
				GCC_WARN_UNDECLARED_SELECTOR = YES;
				GCC_WARN_UNINITIALIZED_AUTOS = YES_AGGRESSIVE;
				GCC_WARN_UNUSED_FUNCTION = YES;
				GCC_WARN_UNUSED_VARIABLE = YES;
				IPHONEOS_DEPLOYMENT_TARGET = 10.3;
				MTL_ENABLE_DEBUG_INFO = YES;
				ONLY_ACTIVE_ARCH = YES;
				SDKROOT = iphoneos;
				SWIFT_ACTIVE_COMPILATION_CONDITIONS = DEBUG;
				SWIFT_OPTIMIZATION_LEVEL = "-Onone";
			};
			name = Debug;
		};
		56FA8D411F33AE8A00473384 /* Release */ = {
			isa = XCBuildConfiguration;
			buildSettings = {
				ALWAYS_SEARCH_USER_PATHS = NO;
				CLANG_ANALYZER_NONNULL = YES;
				CLANG_ANALYZER_NUMBER_OBJECT_CONVERSION = YES_AGGRESSIVE;
				CLANG_CXX_LANGUAGE_STANDARD = "gnu++0x";
				CLANG_CXX_LIBRARY = "libc++";
				CLANG_ENABLE_MODULES = YES;
				CLANG_ENABLE_OBJC_ARC = YES;
				CLANG_WARN_BOOL_CONVERSION = YES;
				CLANG_WARN_CONSTANT_CONVERSION = YES;
				CLANG_WARN_DIRECT_OBJC_ISA_USAGE = YES_ERROR;
				CLANG_WARN_DOCUMENTATION_COMMENTS = YES;
				CLANG_WARN_EMPTY_BODY = YES;
				CLANG_WARN_ENUM_CONVERSION = YES;
				CLANG_WARN_INFINITE_RECURSION = YES;
				CLANG_WARN_INT_CONVERSION = YES;
				CLANG_WARN_OBJC_ROOT_CLASS = YES_ERROR;
				CLANG_WARN_SUSPICIOUS_MOVE = YES;
				CLANG_WARN_UNREACHABLE_CODE = YES;
				CLANG_WARN__DUPLICATE_METHOD_MATCH = YES;
				"CODE_SIGN_IDENTITY[sdk=iphoneos*]" = "iPhone Developer";
				COPY_PHASE_STRIP = NO;
				DEBUG_INFORMATION_FORMAT = "dwarf-with-dsym";
				ENABLE_NS_ASSERTIONS = NO;
				ENABLE_STRICT_OBJC_MSGSEND = YES;
				GCC_C_LANGUAGE_STANDARD = gnu99;
				GCC_NO_COMMON_BLOCKS = YES;
				GCC_WARN_64_TO_32_BIT_CONVERSION = YES;
				GCC_WARN_ABOUT_RETURN_TYPE = YES_ERROR;
				GCC_WARN_UNDECLARED_SELECTOR = YES;
				GCC_WARN_UNINITIALIZED_AUTOS = YES_AGGRESSIVE;
				GCC_WARN_UNUSED_FUNCTION = YES;
				GCC_WARN_UNUSED_VARIABLE = YES;
				IPHONEOS_DEPLOYMENT_TARGET = 10.3;
				MTL_ENABLE_DEBUG_INFO = NO;
				SDKROOT = iphoneos;
				SWIFT_OPTIMIZATION_LEVEL = "-Owholemodule";
				VALIDATE_PRODUCT = YES;
			};
			name = Release;
		};
		56FA8D431F33AE8A00473384 /* Debug */ = {
			isa = XCBuildConfiguration;
			baseConfigurationReference = 99BBECE681383BDAE1D66EF5 /* Pods-TestRealm.debug.xcconfig */;
			buildSettings = {
				ASSETCATALOG_COMPILER_APPICON_NAME = AppIcon;
				DEVELOPMENT_TEAM = 224SJKKLQ3;
				INFOPLIST_FILE = TestRealm/Info.plist;
				LD_RUNPATH_SEARCH_PATHS = "$(inherited) @executable_path/Frameworks";
				PRODUCT_BUNDLE_IDENTIFIER = com.yuraGranchenko.TestRealm;
				PRODUCT_NAME = "$(TARGET_NAME)";
				SWIFT_VERSION = 3.0;
				TARGETED_DEVICE_FAMILY = "1,2";
			};
			name = Debug;
		};
		56FA8D441F33AE8A00473384 /* Release */ = {
			isa = XCBuildConfiguration;
			baseConfigurationReference = 622A0C6EA335EC50CAF4FAF8 /* Pods-TestRealm.release.xcconfig */;
			buildSettings = {
				ASSETCATALOG_COMPILER_APPICON_NAME = AppIcon;
				DEVELOPMENT_TEAM = 224SJKKLQ3;
				INFOPLIST_FILE = TestRealm/Info.plist;
				LD_RUNPATH_SEARCH_PATHS = "$(inherited) @executable_path/Frameworks";
				PRODUCT_BUNDLE_IDENTIFIER = com.yuraGranchenko.TestRealm;
				PRODUCT_NAME = "$(TARGET_NAME)";
				SWIFT_VERSION = 3.0;
				TARGETED_DEVICE_FAMILY = "1,2";
			};
			name = Release;
		};
/* End XCBuildConfiguration section */

/* Begin XCConfigurationList section */
		56FA8D2B1F33AE8A00473384 /* Build configuration list for PBXProject "TestRealm" */ = {
			isa = XCConfigurationList;
			buildConfigurations = (
				56FA8D401F33AE8A00473384 /* Debug */,
				56FA8D411F33AE8A00473384 /* Release */,
			);
			defaultConfigurationIsVisible = 0;
			defaultConfigurationName = Release;
		};
		56FA8D421F33AE8A00473384 /* Build configuration list for PBXNativeTarget "TestRealm" */ = {
			isa = XCConfigurationList;
			buildConfigurations = (
				56FA8D431F33AE8A00473384 /* Debug */,
				56FA8D441F33AE8A00473384 /* Release */,
			);
			defaultConfigurationIsVisible = 0;
			defaultConfigurationName = Release;
		};
/* End XCConfigurationList section */
	};
	rootObject = 56FA8D281F33AE8A00473384 /* Project object */;
}
